
Microsoft Visual Studio Solution File, Format Version 12.00
# Visual Studio Version 17
VisualStudioVersion = 17.4.33205.214
MinimumVisualStudioVersion = 10.0.40219.1
Project("{FAE04EC0-301F-11D3-BF4B-00C04F79EFBC}") = "Lab2", "Lab2\Lab2.csproj", "{B70CA130-0E33-40B6-A612-64B18E85FBF6}"
EndProject
Global
	GlobalSection(SolutionConfigurationPlatforms) = preSolution
		Debug|Any CPU = Debug|Any CPU
		Release|Any CPU = Release|Any CPU
	EndGlobalSection
	GlobalSection(ProjectConfigurationPlatforms) = postSolution
		{B70CA130-0E33-40B6-A612-64B18E85FBF6}.Debug|Any CPU.ActiveCfg = Debug|Any CPU
		{B70CA130-0E33-40B6-A612-64B18E85FBF6}.Debug|Any CPU.Build.0 = Debug|Any CPU
		{B70CA130-0E33-40B6-A612-64B18E85FBF6}.Release|Any CPU.ActiveCfg = Release|Any CPU
		{B70CA130-0E33-40B6-A612-64B18E85FBF6}.Release|Any CPU.Build.0 = Release|Any CPU
	EndGlobalSection
	GlobalSection(SolutionProperties) = preSolution
		HideSolutionNode = FALSE
	EndGlobalSection
	GlobalSection(ExtensibilityGlobals) = postSolution
		SolutionGuid = {FF5FF05E-8C91-4F70-A52D-57E0D8AB04D9}
	EndGlobalSection
EndGlobal
